// !$*UTF8*$!
{
	archiveVersion = 1;
	classes = {
	};
	objectVersion = 56;
	objects = {

/* Begin PBXBuildFile section */
		831AB7032972A81400ECF921 /* RickAndMorty2App.swift in Sources */ = {isa = PBXBuildFile; fileRef = 831AB7022972A81400ECF921 /* RickAndMorty2App.swift */; };
		831AB7052972A81400ECF921 /* ContentView.swift in Sources */ = {isa = PBXBuildFile; fileRef = 831AB7042972A81400ECF921 /* ContentView.swift */; };
		831AB7072972A81700ECF921 /* Assets.xcassets in Resources */ = {isa = PBXBuildFile; fileRef = 831AB7062972A81700ECF921 /* Assets.xcassets */; };
		831AB70A2972A81700ECF921 /* Preview Assets.xcassets in Resources */ = {isa = PBXBuildFile; fileRef = 831AB7092972A81700ECF921 /* Preview Assets.xcassets */; };
		831AB7142972A81800ECF921 /* RickAndMorty2Tests.swift in Sources */ = {isa = PBXBuildFile; fileRef = 831AB7132972A81800ECF921 /* RickAndMorty2Tests.swift */; };
		831AB71E2972A81800ECF921 /* RickAndMorty2UITests.swift in Sources */ = {isa = PBXBuildFile; fileRef = 831AB71D2972A81800ECF921 /* RickAndMorty2UITests.swift */; };
		831AB7202972A81800ECF921 /* RickAndMorty2UITestsLaunchTests.swift in Sources */ = {isa = PBXBuildFile; fileRef = 831AB71F2972A81800ECF921 /* RickAndMorty2UITestsLaunchTests.swift */; };
/* End PBXBuildFile section */

/* Begin PBXContainerItemProxy section */
		831AB7102972A81800ECF921 /* PBXContainerItemProxy */ = {
			isa = PBXContainerItemProxy;
			containerPortal = 831AB6F72972A81300ECF921 /* Project object */;
			proxyType = 1;
			remoteGlobalIDString = 831AB6FE2972A81400ECF921;
			remoteInfo = RickAndMorty2;
		};
		831AB71A2972A81800ECF921 /* PBXContainerItemProxy */ = {
			isa = PBXContainerItemProxy;
			containerPortal = 831AB6F72972A81300ECF921 /* Project object */;
			proxyType = 1;
			remoteGlobalIDString = 831AB6FE2972A81400ECF921;
			remoteInfo = RickAndMorty2;
		};
/* End PBXContainerItemProxy section */

/* Begin PBXFileReference section */
		831AB6FF2972A81400ECF921 /* RickAndMorty2.app */ = {isa = PBXFileReference; explicitFileType = wrapper.application; includeInIndex = 0; path = RickAndMorty2.app; sourceTree = BUILT_PRODUCTS_DIR; };
		831AB7022972A81400ECF921 /* RickAndMorty2App.swift */ = {isa = PBXFileReference; lastKnownFileType = sourcecode.swift; path = RickAndMorty2App.swift; sourceTree = "<group>"; };
		831AB7042972A81400ECF921 /* ContentView.swift */ = {isa = PBXFileReference; lastKnownFileType = sourcecode.swift; path = ContentView.swift; sourceTree = "<group>"; };
		831AB7062972A81700ECF921 /* Assets.xcassets */ = {isa = PBXFileReference; lastKnownFileType = folder.assetcatalog; path = Assets.xcassets; sourceTree = "<group>"; };
		831AB7092972A81700ECF921 /* Preview Assets.xcassets */ = {isa = PBXFileReference; lastKnownFileType = folder.assetcatalog; path = "Preview Assets.xcassets"; sourceTree = "<group>"; };
		831AB70F2972A81800ECF921 /* RickAndMorty2Tests.xctest */ = {isa = PBXFileReference; explicitFileType = wrapper.cfbundle; includeInIndex = 0; path = RickAndMorty2Tests.xctest; sourceTree = BUILT_PRODUCTS_DIR; };
		831AB7132972A81800ECF921 /* RickAndMorty2Tests.swift */ = {isa = PBXFileReference; lastKnownFileType = sourcecode.swift; path = RickAndMorty2Tests.swift; sourceTree = "<group>"; };
		831AB7192972A81800ECF921 /* RickAndMorty2UITests.xctest */ = {isa = PBXFileReference; explicitFileType = wrapper.cfbundle; includeInIndex = 0; path = RickAndMorty2UITests.xctest; sourceTree = BUILT_PRODUCTS_DIR; };
		831AB71D2972A81800ECF921 /* RickAndMorty2UITests.swift */ = {isa = PBXFileReference; lastKnownFileType = sourcecode.swift; path = RickAndMorty2UITests.swift; sourceTree = "<group>"; };
		831AB71F2972A81800ECF921 /* RickAndMorty2UITestsLaunchTests.swift */ = {isa = PBXFileReference; lastKnownFileType = sourcecode.swift; path = RickAndMorty2UITestsLaunchTests.swift; sourceTree = "<group>"; };
/* End PBXFileReference section */

/* Begin PBXFrameworksBuildPhase section */
		831AB6FC2972A81400ECF921 /* Frameworks */ = {
			isa = PBXFrameworksBuildPhase;
			buildActionMask = 2147483647;
			files = (
			);
			runOnlyForDeploymentPostprocessing = 0;
		};
		831AB70C2972A81800ECF921 /* Frameworks */ = {
			isa = PBXFrameworksBuildPhase;
			buildActionMask = 2147483647;
			files = (
			);
			runOnlyForDeploymentPostprocessing = 0;
		};
		831AB7162972A81800ECF921 /* Frameworks */ = {
			isa = PBXFrameworksBuildPhase;
			buildActionMask = 2147483647;
			files = (
			);
			runOnlyForDeploymentPostprocessing = 0;
		};
/* End PBXFrameworksBuildPhase section */

/* Begin PBXGroup section */
		831AB6F62972A81300ECF921 = {
			isa = PBXGroup;
			children = (
				831AB7012972A81400ECF921 /* RickAndMorty2 */,
				831AB7122972A81800ECF921 /* RickAndMorty2Tests */,
				831AB71C2972A81800ECF921 /* RickAndMorty2UITests */,
				831AB7002972A81400ECF921 /* Products */,
			);
			sourceTree = "<group>";
		};
		831AB7002972A81400ECF921 /* Products */ = {
			isa = PBXGroup;
			children = (
				831AB6FF2972A81400ECF921 /* RickAndMorty2.app */,
				831AB70F2972A81800ECF921 /* RickAndMorty2Tests.xctest */,
				831AB7192972A81800ECF921 /* RickAndMorty2UITests.xctest */,
			);
			name = Products;
			sourceTree = "<group>";
		};
		831AB7012972A81400ECF921 /* RickAndMorty2 */ = {
			isa = PBXGroup;
			children = (
				831AB7022972A81400ECF921 /* RickAndMorty2App.swift */,
				831AB7042972A81400ECF921 /* ContentView.swift */,
				831AB7062972A81700ECF921 /* Assets.xcassets */,
				831AB7082972A81700ECF921 /* Preview Content */,
			);
			path = RickAndMorty2;
			sourceTree = "<group>";
		};
		831AB7082972A81700ECF921 /* Preview Content */ = {
			isa = PBXGroup;
			children = (
				831AB7092972A81700ECF921 /* Preview Assets.xcassets */,
			);
			path = "Preview Content";
			sourceTree = "<group>";
		};
		831AB7122972A81800ECF921 /* RickAndMorty2Tests */ = {
			isa = PBXGroup;
			children = (
				831AB7132972A81800ECF921 /* RickAndMorty2Tests.swift */,
			);
			path = RickAndMorty2Tests;
			sourceTree = "<group>";
		};
		831AB71C2972A81800ECF921 /* RickAndMorty2UITests */ = {
			isa = PBXGroup;
			children = (
				831AB71D2972A81800ECF921 /* RickAndMorty2UITests.swift */,
				831AB71F2972A81800ECF921 /* RickAndMorty2UITestsLaunchTests.swift */,
			);
			path = RickAndMorty2UITests;
			sourceTree = "<group>";
		};
/* End PBXGroup section */

/* Begin PBXNativeTarget section */
		831AB6FE2972A81400ECF921 /* RickAndMorty2 */ = {
			isa = PBXNativeTarget;
			buildConfigurationList = 831AB7232972A81800ECF921 /* Build configuration list for PBXNativeTarget "RickAndMorty2" */;
			buildPhases = (
				831AB6FB2972A81400ECF921 /* Sources */,
				831AB6FC2972A81400ECF921 /* Frameworks */,
				831AB6FD2972A81400ECF921 /* Resources */,
			);
			buildRules = (
			);
			dependencies = (
			);
			name = RickAndMorty2;
			productName = RickAndMorty2;
			productReference = 831AB6FF2972A81400ECF921 /* RickAndMorty2.app */;
			productType = "com.apple.product-type.application";
		};
		831AB70E2972A81800ECF921 /* RickAndMorty2Tests */ = {
			isa = PBXNativeTarget;
			buildConfigurationList = 831AB7262972A81800ECF921 /* Build configuration list for PBXNativeTarget "RickAndMorty2Tests" */;
			buildPhases = (
				831AB70B2972A81800ECF921 /* Sources */,
				831AB70C2972A81800ECF921 /* Frameworks */,
				831AB70D2972A81800ECF921 /* Resources */,
			);
			buildRules = (
			);
			dependencies = (
				831AB7112972A81800ECF921 /* PBXTargetDependency */,
			);
			name = RickAndMorty2Tests;
			productName = RickAndMorty2Tests;
			productReference = 831AB70F2972A81800ECF921 /* RickAndMorty2Tests.xctest */;
			productType = "com.apple.product-type.bundle.unit-test";
		};
		831AB7182972A81800ECF921 /* RickAndMorty2UITests */ = {
			isa = PBXNativeTarget;
			buildConfigurationList = 831AB7292972A81800ECF921 /* Build configuration list for PBXNativeTarget "RickAndMorty2UITests" */;
			buildPhases = (
				831AB7152972A81800ECF921 /* Sources */,
				831AB7162972A81800ECF921 /* Frameworks */,
				831AB7172972A81800ECF921 /* Resources */,
			);
			buildRules = (
			);
			dependencies = (
				831AB71B2972A81800ECF921 /* PBXTargetDependency */,
			);
			name = RickAndMorty2UITests;
			productName = RickAndMorty2UITests;
			productReference = 831AB7192972A81800ECF921 /* RickAndMorty2UITests.xctest */;
			productType = "com.apple.product-type.bundle.ui-testing";
		};
/* End PBXNativeTarget section */

/* Begin PBXProject section */
		831AB6F72972A81300ECF921 /* Project object */ = {
			isa = PBXProject;
			attributes = {
				BuildIndependentTargetsInParallel = 1;
				LastSwiftUpdateCheck = 1410;
				LastUpgradeCheck = 1410;
				TargetAttributes = {
					831AB6FE2972A81400ECF921 = {
						CreatedOnToolsVersion = 14.1;
					};
					831AB70E2972A81800ECF921 = {
						CreatedOnToolsVersion = 14.1;
						TestTargetID = 831AB6FE2972A81400ECF921;
					};
					831AB7182972A81800ECF921 = {
						CreatedOnToolsVersion = 14.1;
						TestTargetID = 831AB6FE2972A81400ECF921;
					};
				};
			};
			buildConfigurationList = 831AB6FA2972A81300ECF921 /* Build configuration list for PBXProject "RickAndMorty2" */;
			compatibilityVersion = "Xcode 14.0";
			developmentRegion = en;
			hasScannedForEncodings = 0;
			knownRegions = (
				en,
				Base,
			);
			mainGroup = 831AB6F62972A81300ECF921;
			productRefGroup = 831AB7002972A81400ECF921 /* Products */;
			projectDirPath = "";
			projectRoot = "";
			targets = (
				831AB6FE2972A81400ECF921 /* RickAndMorty2 */,
				831AB70E2972A81800ECF921 /* RickAndMorty2Tests */,
				831AB7182972A81800ECF921 /* RickAndMorty2UITests */,
			);
		};
/* End PBXProject section */

/* Begin PBXResourcesBuildPhase section */
		831AB6FD2972A81400ECF921 /* Resources */ = {
			isa = PBXResourcesBuildPhase;
			buildActionMask = 2147483647;
			files = (
				831AB70A2972A81700ECF921 /* Preview Assets.xcassets in Resources */,
				831AB7072972A81700ECF921 /* Assets.xcassets in Resources */,
			);
			runOnlyForDeploymentPostprocessing = 0;
		};
		831AB70D2972A81800ECF921 /* Resources */ = {
			isa = PBXResourcesBuildPhase;
			buildActionMask = 2147483647;
			files = (
			);
			runOnlyForDeploymentPostprocessing = 0;
		};
		831AB7172972A81800ECF921 /* Resources */ = {
			isa = PBXResourcesBuildPhase;
			buildActionMask = 2147483647;
			files = (
			);
			runOnlyForDeploymentPostprocessing = 0;
		};
/* End PBXResourcesBuildPhase section */

/* Begin PBXSourcesBuildPhase section */
		831AB6FB2972A81400ECF921 /* Sources */ = {
			isa = PBXSourcesBuildPhase;
			buildActionMask = 2147483647;
			files = (
				831AB7052972A81400ECF921 /* ContentView.swift in Sources */,
				831AB7032972A81400ECF921 /* RickAndMorty2App.swift in Sources */,
			);
			runOnlyForDeploymentPostprocessing = 0;
		};
		831AB70B2972A81800ECF921 /* Sources */ = {
			isa = PBXSourcesBuildPhase;
			buildActionMask = 2147483647;
			files = (
				831AB7142972A81800ECF921 /* RickAndMorty2Tests.swift in Sources */,
			);
			runOnlyForDeploymentPostprocessing = 0;
		};
		831AB7152972A81800ECF921 /* Sources */ = {
			isa = PBXSourcesBuildPhase;
			buildActionMask = 2147483647;
			files = (
				831AB7202972A81800ECF921 /* RickAndMorty2UITestsLaunchTests.swift in Sources */,
				831AB71E2972A81800ECF921 /* RickAndMorty2UITests.swift in Sources */,
			);
			runOnlyForDeploymentPostprocessing = 0;
		};
/* End PBXSourcesBuildPhase section */

/* Begin PBXTargetDependency section */
		831AB7112972A81800ECF921 /* PBXTargetDependency */ = {
			isa = PBXTargetDependency;
			target = 831AB6FE2972A81400ECF921 /* RickAndMorty2 */;
			targetProxy = 831AB7102972A81800ECF921 /* PBXContainerItemProxy */;
		};
		831AB71B2972A81800ECF921 /* PBXTargetDependency */ = {
			isa = PBXTargetDependency;
			target = 831AB6FE2972A81400ECF921 /* RickAndMorty2 */;
			targetProxy = 831AB71A2972A81800ECF921 /* PBXContainerItemProxy */;
		};
/* End PBXTargetDependency section */

/* Begin XCBuildConfiguration section */
		831AB7212972A81800ECF921 /* Debug */ = {
			isa = XCBuildConfiguration;
			buildSettings = {
				ALWAYS_SEARCH_USER_PATHS = NO;
				CLANG_ANALYZER_NONNULL = YES;
				CLANG_ANALYZER_NUMBER_OBJECT_CONVERSION = YES_AGGRESSIVE;
				CLANG_CXX_LANGUAGE_STANDARD = "gnu++20";
				CLANG_ENABLE_MODULES = YES;
				CLANG_ENABLE_OBJC_ARC = YES;
				CLANG_ENABLE_OBJC_WEAK = YES;
				CLANG_WARN_BLOCK_CAPTURE_AUTORELEASING = YES;
				CLANG_WARN_BOOL_CONVERSION = YES;
				CLANG_WARN_COMMA = YES;
				CLANG_WARN_CONSTANT_CONVERSION = YES;
				CLANG_WARN_DEPRECATED_OBJC_IMPLEMENTATIONS = YES;
				CLANG_WARN_DIRECT_OBJC_ISA_USAGE = YES_ERROR;
				CLANG_WARN_DOCUMENTATION_COMMENTS = YES;
				CLANG_WARN_EMPTY_BODY = YES;
				CLANG_WARN_ENUM_CONVERSION = YES;
				CLANG_WARN_INFINITE_RECURSION = YES;
				CLANG_WARN_INT_CONVERSION = YES;
				CLANG_WARN_NON_LITERAL_NULL_CONVERSION = YES;
				CLANG_WARN_OBJC_IMPLICIT_RETAIN_SELF = YES;
				CLANG_WARN_OBJC_LITERAL_CONVERSION = YES;
				CLANG_WARN_OBJC_ROOT_CLASS = YES_ERROR;
				CLANG_WARN_QUOTED_INCLUDE_IN_FRAMEWORK_HEADER = YES;
				CLANG_WARN_RANGE_LOOP_ANALYSIS = YES;
				CLANG_WARN_STRICT_PROTOTYPES = YES;
				CLANG_WARN_SUSPICIOUS_MOVE = YES;
				CLANG_WARN_UNGUARDED_AVAILABILITY = YES_AGGRESSIVE;
				CLANG_WARN_UNREACHABLE_CODE = YES;
				CLANG_WARN__DUPLICATE_METHOD_MATCH = YES;
				COPY_PHASE_STRIP = NO;
				DEBUG_INFORMATION_FORMAT = dwarf;
				ENABLE_STRICT_OBJC_MSGSEND = YES;
				ENABLE_TESTABILITY = YES;
				GCC_C_LANGUAGE_STANDARD = gnu11;
				GCC_DYNAMIC_NO_PIC = NO;
				GCC_NO_COMMON_BLOCKS = YES;
				GCC_OPTIMIZATION_LEVEL = 0;
				GCC_PREPROCESSOR_DEFINITIONS = (
					"DEBUG=1",
					"$(inherited)",
				);
				GCC_WARN_64_TO_32_BIT_CONVERSION = YES;
				GCC_WARN_ABOUT_RETURN_TYPE = YES_ERROR;
				GCC_WARN_UNDECLARED_SELECTOR = YES;
				GCC_WARN_UNINITIALIZED_AUTOS = YES_AGGRESSIVE;
				GCC_WARN_UNUSED_FUNCTION = YES;
				GCC_WARN_UNUSED_VARIABLE = YES;
				IPHONEOS_DEPLOYMENT_TARGET = 16.1;
				MTL_ENABLE_DEBUG_INFO = INCLUDE_SOURCE;
				MTL_FAST_MATH = YES;
				ONLY_ACTIVE_ARCH = YES;
				SDKROOT = iphoneos;
				SWIFT_ACTIVE_COMPILATION_CONDITIONS = DEBUG;
				SWIFT_OPTIMIZATION_LEVEL = "-Onone";
			};
			name = Debug;
		};
		831AB7222972A81800ECF921 /* Release */ = {
			isa = XCBuildConfiguration;
			buildSettings = {
				ALWAYS_SEARCH_USER_PATHS = NO;
				CLANG_ANALYZER_NONNULL = YES;
				CLANG_ANALYZER_NUMBER_OBJECT_CONVERSION = YES_AGGRESSIVE;
				CLANG_CXX_LANGUAGE_STANDARD = "gnu++20";
				CLANG_ENABLE_MODULES = YES;
				CLANG_ENABLE_OBJC_ARC = YES;
				CLANG_ENABLE_OBJC_WEAK = YES;
				CLANG_WARN_BLOCK_CAPTURE_AUTORELEASING = YES;
				CLANG_WARN_BOOL_CONVERSION = YES;
				CLANG_WARN_COMMA = YES;
				CLANG_WARN_CONSTANT_CONVERSION = YES;
				CLANG_WARN_DEPRECATED_OBJC_IMPLEMENTATIONS = YES;
				CLANG_WARN_DIRECT_OBJC_ISA_USAGE = YES_ERROR;
				CLANG_WARN_DOCUMENTATION_COMMENTS = YES;
				CLANG_WARN_EMPTY_BODY = YES;
				CLANG_WARN_ENUM_CONVERSION = YES;
				CLANG_WARN_INFINITE_RECURSION = YES;
				CLANG_WARN_INT_CONVERSION = YES;
				CLANG_WARN_NON_LITERAL_NULL_CONVERSION = YES;
				CLANG_WARN_OBJC_IMPLICIT_RETAIN_SELF = YES;
				CLANG_WARN_OBJC_LITERAL_CONVERSION = YES;
				CLANG_WARN_OBJC_ROOT_CLASS = YES_ERROR;
				CLANG_WARN_QUOTED_INCLUDE_IN_FRAMEWORK_HEADER = YES;
				CLANG_WARN_RANGE_LOOP_ANALYSIS = YES;
				CLANG_WARN_STRICT_PROTOTYPES = YES;
				CLANG_WARN_SUSPICIOUS_MOVE = YES;
				CLANG_WARN_UNGUARDED_AVAILABILITY = YES_AGGRESSIVE;
				CLANG_WARN_UNREACHABLE_CODE = YES;
				CLANG_WARN__DUPLICATE_METHOD_MATCH = YES;
				COPY_PHASE_STRIP = NO;
				DEBUG_INFORMATION_FORMAT = "dwarf-with-dsym";
				ENABLE_NS_ASSERTIONS = NO;
				ENABLE_STRICT_OBJC_MSGSEND = YES;
				GCC_C_LANGUAGE_STANDARD = gnu11;
				GCC_NO_COMMON_BLOCKS = YES;
				GCC_WARN_64_TO_32_BIT_CONVERSION = YES;
				GCC_WARN_ABOUT_RETURN_TYPE = YES_ERROR;
				GCC_WARN_UNDECLARED_SELECTOR = YES;
				GCC_WARN_UNINITIALIZED_AUTOS = YES_AGGRESSIVE;
				GCC_WARN_UNUSED_FUNCTION = YES;
				GCC_WARN_UNUSED_VARIABLE = YES;
				IPHONEOS_DEPLOYMENT_TARGET = 16.1;
				MTL_ENABLE_DEBUG_INFO = NO;
				MTL_FAST_MATH = YES;
				SDKROOT = iphoneos;
				SWIFT_COMPILATION_MODE = wholemodule;
				SWIFT_OPTIMIZATION_LEVEL = "-O";
				VALIDATE_PRODUCT = YES;
			};
			name = Release;
		};
		831AB7242972A81800ECF921 /* Debug */ = {
			isa = XCBuildConfiguration;
			buildSettings = {
				ASSETCATALOG_COMPILER_APPICON_NAME = AppIcon;
				ASSETCATALOG_COMPILER_GLOBAL_ACCENT_COLOR_NAME = AccentColor;
				CODE_SIGN_STYLE = Automatic;
				CURRENT_PROJECT_VERSION = 1;
				DEVELOPMENT_ASSET_PATHS = "\"RickAndMorty2/Preview Content\"";
				ENABLE_PREVIEWS = YES;
				GENERATE_INFOPLIST_FILE = YES;
				INFOPLIST_KEY_UIApplicationSceneManifest_Generation = YES;
				INFOPLIST_KEY_UIApplicationSupportsIndirectInputEvents = YES;
				INFOPLIST_KEY_UILaunchScreen_Generation = YES;
				INFOPLIST_KEY_UISupportedInterfaceOrientations_iPad = "UIInterfaceOrientationPortrait UIInterfaceOrientationPortraitUpsideDown UIInterfaceOrientationLandscapeLeft UIInterfaceOrientationLandscapeRight";
				INFOPLIST_KEY_UISupportedInterfaceOrientations_iPhone = "UIInterfaceOrientationPortrait UIInterfaceOrientationLandscapeLeft UIInterfaceOrientationLandscapeRight";
				LD_RUNPATH_SEARCH_PATHS = (
					"$(inherited)",
					"@executable_path/Frameworks",
				);
				MARKETING_VERSION = 1.0;
				PRODUCT_BUNDLE_IDENTIFIER = com.pyarandi.RickAndMorty2;
				PRODUCT_NAME = "$(TARGET_NAME)";
				SWIFT_EMIT_LOC_STRINGS = YES;
				SWIFT_VERSION = 5.0;
				TARGETED_DEVICE_FAMILY = "1,2";
			};
			name = Debug;
		};
		831AB7252972A81800ECF921 /* Release */ = {
			isa = XCBuildConfiguration;
			buildSettings = {
				ASSETCATALOG_COMPILER_APPICON_NAME = AppIcon;
				ASSETCATALOG_COMPILER_GLOBAL_ACCENT_COLOR_NAME = AccentColor;
				CODE_SIGN_STYLE = Automatic;
				CURRENT_PROJECT_VERSION = 1;
				DEVELOPMENT_ASSET_PATHS = "\"RickAndMorty2/Preview Content\"";
				ENABLE_PREVIEWS = YES;
				GENERATE_INFOPLIST_FILE = YES;
				INFOPLIST_KEY_UIApplicationSceneManifest_Generation = YES;
				INFOPLIST_KEY_UIApplicationSupportsIndirectInputEvents = YES;
				INFOPLIST_KEY_UILaunchScreen_Generation = YES;
				INFOPLIST_KEY_UISupportedInterfaceOrientations_iPad = "UIInterfaceOrientationPortrait UIInterfaceOrientationPortraitUpsideDown UIInterfaceOrientationLandscapeLeft UIInterfaceOrientationLandscapeRight";
				INFOPLIST_KEY_UISupportedInterfaceOrientations_iPhone = "UIInterfaceOrientationPortrait UIInterfaceOrientationLandscapeLeft UIInterfaceOrientationLandscapeRight";
				LD_RUNPATH_SEARCH_PATHS = (
					"$(inherited)",
					"@executable_path/Frameworks",
				);
				MARKETING_VERSION = 1.0;
				PRODUCT_BUNDLE_IDENTIFIER = com.pyarandi.RickAndMorty2;
				PRODUCT_NAME = "$(TARGET_NAME)";
				SWIFT_EMIT_LOC_STRINGS = YES;
				SWIFT_VERSION = 5.0;
				TARGETED_DEVICE_FAMILY = "1,2";
			};
			name = Release;
		};
		831AB7272972A81800ECF921 /* Debug */ = {
			isa = XCBuildConfiguration;
			buildSettings = {
				ALWAYS_EMBED_SWIFT_STANDARD_LIBRARIES = YES;
				BUNDLE_LOADER = "$(TEST_HOST)";
				CODE_SIGN_STYLE = Automatic;
				CURRENT_PROJECT_VERSION = 1;
				GENERATE_INFOPLIST_FILE = YES;
				IPHONEOS_DEPLOYMENT_TARGET = 16.1;
				MARKETING_VERSION = 1.0;
				PRODUCT_BUNDLE_IDENTIFIER = com.pyarandi.RickAndMorty2Tests;
				PRODUCT_NAME = "$(TARGET_NAME)";
				SWIFT_EMIT_LOC_STRINGS = NO;
				SWIFT_VERSION = 5.0;
				TARGETED_DEVICE_FAMILY = "1,2";
				TEST_HOST = "$(BUILT_PRODUCTS_DIR)/RickAndMorty2.app/$(BUNDLE_EXECUTABLE_FOLDER_PATH)/RickAndMorty2";
			};
			name = Debug;
		};
		831AB7282972A81800ECF921 /* Release */ = {
			isa = XCBuildConfiguration;
			buildSettings = {
				ALWAYS_EMBED_SWIFT_STANDARD_LIBRARIES = YES;
				BUNDLE_LOADER = "$(TEST_HOST)";
				CODE_SIGN_STYLE = Automatic;
				CURRENT_PROJECT_VERSION = 1;
				GENERATE_INFOPLIST_FILE = YES;
				IPHONEOS_DEPLOYMENT_TARGET = 16.1;
				MARKETING_VERSION = 1.0;
				PRODUCT_BUNDLE_IDENTIFIER = com.pyarandi.RickAndMorty2Tests;
				PRODUCT_NAME = "$(TARGET_NAME)";
				SWIFT_EMIT_LOC_STRINGS = NO;
				SWIFT_VERSION = 5.0;
				TARGETED_DEVICE_FAMILY = "1,2";
				TEST_HOST = "$(BUILT_PRODUCTS_DIR)/RickAndMorty2.app/$(BUNDLE_EXECUTABLE_FOLDER_PATH)/RickAndMorty2";
			};
			name = Release;
		};
		831AB72A2972A81800ECF921 /* Debug */ = {
			isa = XCBuildConfiguration;
			buildSettings = {
				ALWAYS_EMBED_SWIFT_STANDARD_LIBRARIES = YES;
				CODE_SIGN_STYLE = Automatic;
				CURRENT_PROJECT_VERSION = 1;
				GENERATE_INFOPLIST_FILE = YES;
				MARKETING_VERSION = 1.0;
				PRODUCT_BUNDLE_IDENTIFIER = com.pyarandi.RickAndMorty2UITests;
				PRODUCT_NAME = "$(TARGET_NAME)";
				SWIFT_EMIT_LOC_STRINGS = NO;
				SWIFT_VERSION = 5.0;
				TARGETED_DEVICE_FAMILY = "1,2";
				TEST_TARGET_NAME = RickAndMorty2;
			};
			name = Debug;
		};
		831AB72B2972A81800ECF921 /* Release */ = {
			isa = XCBuildConfiguration;
			buildSettings = {
				ALWAYS_EMBED_SWIFT_STANDARD_LIBRARIES = YES;
				CODE_SIGN_STYLE = Automatic;
				CURRENT_PROJECT_VERSION = 1;
				GENERATE_INFOPLIST_FILE = YES;
				MARKETING_VERSION = 1.0;
				PRODUCT_BUNDLE_IDENTIFIER = com.pyarandi.RickAndMorty2UITests;
				PRODUCT_NAME = "$(TARGET_NAME)";
				SWIFT_EMIT_LOC_STRINGS = NO;
				SWIFT_VERSION = 5.0;
				TARGETED_DEVICE_FAMILY = "1,2";
				TEST_TARGET_NAME = RickAndMorty2;
			};
			name = Release;
		};
/* End XCBuildConfiguration section */

/* Begin XCConfigurationList section */
		831AB6FA2972A81300ECF921 /* Build configuration list for PBXProject "RickAndMorty2" */ = {
			isa = XCConfigurationList;
			buildConfigurations = (
				831AB7212972A81800ECF921 /* Debug */,
				831AB7222972A81800ECF921 /* Release */,
			);
			defaultConfigurationIsVisible = 0;
			defaultConfigurationName = Release;
		};
		831AB7232972A81800ECF921 /* Build configuration list for PBXNativeTarget "RickAndMorty2" */ = {
			isa = XCConfigurationList;
			buildConfigurations = (
				831AB7242972A81800ECF921 /* Debug */,
				831AB7252972A81800ECF921 /* Release */,
			);
			defaultConfigurationIsVisible = 0;
			defaultConfigurationName = Release;
		};
		831AB7262972A81800ECF921 /* Build configuration list for PBXNativeTarget "RickAndMorty2Tests" */ = {
			isa = XCConfigurationList;
			buildConfigurations = (
				831AB7272972A81800ECF921 /* Debug */,
				831AB7282972A81800ECF921 /* Release */,
			);
			defaultConfigurationIsVisible = 0;
			defaultConfigurationName = Release;
		};
		831AB7292972A81800ECF921 /* Build configuration list for PBXNativeTarget "RickAndMorty2UITests" */ = {
			isa = XCConfigurationList;
			buildConfigurations = (
				831AB72A2972A81800ECF921 /* Debug */,
				831AB72B2972A81800ECF921 /* Release */,
			);
			defaultConfigurationIsVisible = 0;
			defaultConfigurationName = Release;
		};
/* End XCConfigurationList section */
	};
	rootObject = 831AB6F72972A81300ECF921 /* Project object */;
}
